
Microsoft Visual Studio Solution File, Format Version 12.00
# Visual Studio Version 17
VisualStudioVersion = 17.13.35825.156 d17.13
MinimumVisualStudioVersion = 10.0.40219.1
Project("{FAE04EC0-301F-11D3-BF4B-00C04F79EFBC}") = "Zadanie 3 (struktury)", "Zadanie 3 (struktury)\Zadanie 3 (struktury).csproj", "{56DF2D47-9D1C-47EE-A230-00535630029A}"
EndProject
Global
	GlobalSection(SolutionConfigurationPlatforms) = preSolution
		Debug|Any CPU = Debug|Any CPU
		Release|Any CPU = Release|Any CPU
	EndGlobalSection
	GlobalSection(ProjectConfigurationPlatforms) = postSolution
		{56DF2D47-9D1C-47EE-A230-00535630029A}.Debug|Any CPU.ActiveCfg = Debug|Any CPU
		{56DF2D47-9D1C-47EE-A230-00535630029A}.Debug|Any CPU.Build.0 = Debug|Any CPU
		{56DF2D47-9D1C-47EE-A230-00535630029A}.Release|Any CPU.ActiveCfg = Release|Any CPU
		{56DF2D47-9D1C-47EE-A230-00535630029A}.Release|Any CPU.Build.0 = Release|Any CPU
	EndGlobalSection
	GlobalSection(SolutionProperties) = preSolution
		HideSolutionNode = FALSE
	EndGlobalSection
	GlobalSection(ExtensibilityGlobals) = postSolution
		SolutionGuid = {32C67072-B9ED-4D58-8BA4-550328F2083E}
	EndGlobalSection
EndGlobal
